{
  "version": 4,
  "terraform_version": "1.14.0",
  "serial": 95,
  "lineage": "f18ea7d7-fb6e-9057-8355-c877e7538c0d",
  "outputs": {
    "api_url": {
      "value": "https://vfavzkkp5m.execute-api.us-east-1.amazonaws.com",
      "type": "string"
    },
    "bucket_name": {
      "value": "what-to-eat-cloud-recipes",
      "type": "string"
    },
    "lambda_name": {
      "value": "what-to-eat-cloud-lambda",
      "type": "string"
    },
    "opensearch_dashboard_url": {
      "value": "https://search-what-to-eat-cloud-recipes-bspeiuftiomrmex3eq3ok73af4.us-east-1.es.amazonaws.com/_dashboards",
      "type": "string"
    },
    "opensearch_endpoint": {
      "value": "search-what-to-eat-cloud-recipes-bspeiuftiomrmex3eq3ok73af4.us-east-1.es.amazonaws.com",
      "type": "string"
    }
  },
  "resources": [
    {
      "module": "module.apigw",
      "mode": "managed",
      "type": "aws_apigatewayv2_api",
      "name": "api",
      "provider": "provider[\"registry.terraform.io/hashicorp/aws\"]",
      "instances": [
        {
          "schema_version": 0,
          "attributes": {
            "api_endpoint": "https://vfavzkkp5m.execute-api.us-east-1.amazonaws.com",
            "api_key_selection_expression": "$request.header.x-api-key",
            "arn": "arn:aws:apigateway:us-east-1::/apis/vfavzkkp5m",
            "body": null,
            "cors_configuration": [
              {
                "allow_credentials": false,
                "allow_headers": [
                  "*"
                ],
                "allow_methods": [
                  "DELETE",
                  "GET",
                  "OPTIONS",
                  "POST",
                  "PUT"
                ],
                "allow_origins": [
                  "*"
                ],
                "expose_headers": [],
                "max_age": 300
              }
            ],
            "credentials_arn": null,
            "description": "",
            "disable_execute_api_endpoint": false,
            "execution_arn": "arn:aws:execute-api:us-east-1:143320676328:vfavzkkp5m",
            "fail_on_warnings": null,
            "id": "vfavzkkp5m",
            "ip_address_type": "ipv4",
            "name": "what-to-eat-cloud-api",
            "protocol_type": "HTTP",
            "route_key": null,
            "route_selection_expression": "$request.method $request.path",
            "tags": {},
            "tags_all": {},
            "target": null,
            "version": ""
          },
          "sensitive_attributes": [],
          "identity_schema_version": 0,
          "private": "bnVsbA=="
        }
      ]
    },
    {
      "module": "module.apigw",
      "mode": "managed",
      "type": "aws_apigatewayv2_integration",
      "name": "integration",
      "provider": "provider[\"registry.terraform.io/hashicorp/aws\"]",
      "instances": [
        {
          "schema_version": 0,
          "attributes": {
            "api_id": "vfavzkkp5m",
            "connection_id": "",
            "connection_type": "INTERNET",
            "content_handling_strategy": "",
            "credentials_arn": "",
            "description": "",
            "id": "w1ydt68",
            "integration_method": "POST",
            "integration_response_selection_expression": "",
            "integration_subtype": "",
            "integration_type": "AWS_PROXY",
            "integration_uri": "arn:aws:apigateway:us-east-1:lambda:path/2015-03-31/functions/arn:aws:lambda:us-east-1:143320676328:function:what-to-eat-cloud-lambda/invocations",
            "passthrough_behavior": "",
            "payload_format_version": "2.0",
            "request_parameters": {},
            "request_templates": {},
            "response_parameters": [],
            "template_selection_expression": "",
            "timeout_milliseconds": 30000,
            "tls_config": []
          },
          "sensitive_attributes": [],
          "identity_schema_version": 0,
          "private": "bnVsbA==",
          "dependencies": [
            "module.apigw.aws_apigatewayv2_api.api",
            "module.iam.aws_iam_role.lambda_role",
            "module.lambda.aws_lambda_function.demo",
            "module.lambda_layer.aws_lambda_layer_version.python_deps",
            "module.opensearch.aws_opensearch_domain.recipes",
            "module.opensearch.data.aws_caller_identity.current",
            "module.opensearch.data.aws_region.current",
            "module.s3.aws_s3_bucket.recipes"
          ]
        }
      ]
    },
    {
      "module": "module.apigw",
      "mode": "managed",
      "type": "aws_apigatewayv2_integration",
      "name": "search_integration",
      "provider": "provider[\"registry.terraform.io/hashicorp/aws\"]",
      "instances": [
        {
          "schema_version": 0,
          "attributes": {
            "api_id": "vfavzkkp5m",
            "connection_id": "",
            "connection_type": "INTERNET",
            "content_handling_strategy": "",
            "credentials_arn": "",
            "description": "",
            "id": "h0gswak",
            "integration_method": "POST",
            "integration_response_selection_expression": "",
            "integration_subtype": "",
            "integration_type": "AWS_PROXY",
            "integration_uri": "arn:aws:apigateway:us-east-1:lambda:path/2015-03-31/functions/arn:aws:lambda:us-east-1:143320676328:function:what-to-eat-cloud-recipe-search/invocations",
            "passthrough_behavior": "",
            "payload_format_version": "2.0",
            "request_parameters": {},
            "request_templates": {},
            "response_parameters": [],
            "template_selection_expression": "",
            "timeout_milliseconds": 30000,
            "tls_config": []
          },
          "sensitive_attributes": [],
          "identity_schema_version": 0,
          "private": "bnVsbA==",
          "dependencies": [
            "module.apigw.aws_apigatewayv2_api.api",
            "module.iam.aws_iam_role.lambda_role",
            "module.lambda.aws_lambda_function.recipe_search",
            "module.lambda_layer.aws_lambda_layer_version.python_deps",
            "module.opensearch.aws_opensearch_domain.recipes",
            "module.opensearch.data.aws_caller_identity.current",
            "module.opensearch.data.aws_region.current",
            "module.s3.aws_s3_bucket.recipes"
          ]
        }
      ]
    },
    {
      "module": "module.apigw",
      "mode": "managed",
      "type": "aws_apigatewayv2_integration",
      "name": "upload_integration",
      "provider": "provider[\"registry.terraform.io/hashicorp/aws\"]",
      "instances": [
        {
          "schema_version": 0,
          "attributes": {
            "api_id": "vfavzkkp5m",
            "connection_id": "",
            "connection_type": "INTERNET",
            "content_handling_strategy": "",
            "credentials_arn": "",
            "description": "",
            "id": "70d1fjg",
            "integration_method": "POST",
            "integration_response_selection_expression": "",
            "integration_subtype": "",
            "integration_type": "AWS_PROXY",
            "integration_uri": "arn:aws:apigateway:us-east-1:lambda:path/2015-03-31/functions/arn:aws:lambda:us-east-1:143320676328:function:what-to-eat-cloud-uploader/invocations",
            "passthrough_behavior": "",
            "payload_format_version": "2.0",
            "request_parameters": {},
            "request_templates": {},
            "response_parameters": [],
            "template_selection_expression": "",
            "timeout_milliseconds": 30000,
            "tls_config": []
          },
          "sensitive_attributes": [],
          "identity_schema_version": 0,
          "private": "bnVsbA==",
          "dependencies": [
            "module.apigw.aws_apigatewayv2_api.api",
            "module.iam.aws_iam_role.lambda_role",
            "module.lambda.aws_lambda_function.uploader",
            "module.s3.aws_s3_bucket.recipes"
          ]
        }
      ]
    },
    {
      "module": "module.apigw",
      "mode": "managed",
      "type": "aws_apigatewayv2_route",
      "name": "route",
      "provider": "provider[\"registry.terraform.io/hashicorp/aws\"]",
      "instances": [
        {
          "schema_version": 0,
          "attributes": {
            "api_id": "vfavzkkp5m",
            "api_key_required": false,
            "authorization_scopes": [],
            "authorization_type": "NONE",
            "authorizer_id": "",
            "id": "0vliukn",
            "model_selection_expression": "",
            "operation_name": "",
            "request_models": {},
            "request_parameter": [],
            "route_key": "POST /chat",
            "route_response_selection_expression": "",
            "target": "integrations/w1ydt68"
          },
          "sensitive_attributes": [],
          "identity_schema_version": 0,
          "private": "bnVsbA==",
          "dependencies": [
            "module.apigw.aws_apigatewayv2_api.api",
            "module.apigw.aws_apigatewayv2_integration.integration",
            "module.iam.aws_iam_role.lambda_role",
            "module.lambda.aws_lambda_function.demo",
            "module.lambda_layer.aws_lambda_layer_version.python_deps",
            "module.opensearch.aws_opensearch_domain.recipes",
            "module.opensearch.data.aws_caller_identity.current",
            "module.opensearch.data.aws_region.current",
            "module.s3.aws_s3_bucket.recipes"
          ]
        }
      ]
    },
    {
      "module": "module.apigw",
      "mode": "managed",
      "type": "aws_apigatewayv2_route",
      "name": "search_route",
      "provider": "provider[\"registry.terraform.io/hashicorp/aws\"]",
      "instances": [
        {
          "schema_version": 0,
          "attributes": {
            "api_id": "vfavzkkp5m",
            "api_key_required": false,
            "authorization_scopes": [],
            "authorization_type": "NONE",
            "authorizer_id": "",
            "id": "aggizj4",
            "model_selection_expression": "",
            "operation_name": "",
            "request_models": {},
            "request_parameter": [],
            "route_key": "GET /search",
            "route_response_selection_expression": "",
            "target": "integrations/h0gswak"
          },
          "sensitive_attributes": [],
          "identity_schema_version": 0,
          "private": "bnVsbA==",
          "dependencies": [
            "module.apigw.aws_apigatewayv2_api.api",
            "module.apigw.aws_apigatewayv2_integration.search_integration",
            "module.iam.aws_iam_role.lambda_role",
            "module.lambda.aws_lambda_function.recipe_search",
            "module.lambda_layer.aws_lambda_layer_version.python_deps",
            "module.opensearch.aws_opensearch_domain.recipes",
            "module.opensearch.data.aws_caller_identity.current",
            "module.opensearch.data.aws_region.current",
            "module.s3.aws_s3_bucket.recipes"
          ]
        }
      ]
    },
    {
      "module": "module.apigw",
      "mode": "managed",
      "type": "aws_apigatewayv2_route",
      "name": "upload_route",
      "provider": "provider[\"registry.terraform.io/hashicorp/aws\"]",
      "instances": [
        {
          "schema_version": 0,
          "attributes": {
            "api_id": "vfavzkkp5m",
            "api_key_required": false,
            "authorization_scopes": [],
            "authorization_type": "NONE",
            "authorizer_id": "",
            "id": "24q8u1v",
            "model_selection_expression": "",
            "operation_name": "",
            "request_models": {},
            "request_parameter": [],
            "route_key": "POST /upload",
            "route_response_selection_expression": "",
            "target": "integrations/70d1fjg"
          },
          "sensitive_attributes": [],
          "identity_schema_version": 0,
          "private": "bnVsbA==",
          "dependencies": [
            "module.apigw.aws_apigatewayv2_api.api",
            "module.apigw.aws_apigatewayv2_integration.upload_integration",
            "module.iam.aws_iam_role.lambda_role",
            "module.lambda.aws_lambda_function.uploader",
            "module.s3.aws_s3_bucket.recipes"
          ]
        }
      ]
    },
    {
      "module": "module.apigw",
      "mode": "managed",
      "type": "aws_apigatewayv2_stage",
      "name": "stage",
      "provider": "provider[\"registry.terraform.io/hashicorp/aws\"]",
      "instances": [
        {
          "schema_version": 0,
          "attributes": {
            "access_log_settings": [],
            "api_id": "vfavzkkp5m",
            "arn": "arn:aws:apigateway:us-east-1::/apis/vfavzkkp5m/stages/$default",
            "auto_deploy": true,
            "client_certificate_id": "",
            "default_route_settings": [
              {
                "data_trace_enabled": false,
                "detailed_metrics_enabled": false,
                "logging_level": "",
                "throttling_burst_limit": 0,
                "throttling_rate_limit": 0
              }
            ],
            "deployment_id": "joqv7j",
            "description": "",
            "execution_arn": "arn:aws:execute-api:us-east-1:143320676328:vfavzkkp5m/$default",
            "id": "$default",
            "invoke_url": "https://vfavzkkp5m.execute-api.us-east-1.amazonaws.com/",
            "name": "$default",
            "route_settings": [],
            "stage_variables": {},
            "tags": {},
            "tags_all": {}
          },
          "sensitive_attributes": [],
          "identity_schema_version": 0,
          "private": "bnVsbA==",
          "dependencies": [
            "module.apigw.aws_apigatewayv2_api.api"
          ]
        }
      ]
    },
    {
      "module": "module.apigw",
      "mode": "managed",
      "type": "aws_lambda_permission",
      "name": "lambda_permission",
      "provider": "provider[\"registry.terraform.io/hashicorp/aws\"]",
      "instances": [
        {
          "schema_version": 0,
          "attributes": {
            "action": "lambda:InvokeFunction",
            "event_source_token": null,
            "function_name": "what-to-eat-cloud-lambda",
            "function_url_auth_type": null,
            "id": "AllowAPIGWInvoke",
            "principal": "apigateway.amazonaws.com",
            "principal_org_id": null,
            "qualifier": "",
            "source_account": null,
            "source_arn": "arn:aws:execute-api:us-east-1:143320676328:vfavzkkp5m/*/*",
            "statement_id": "AllowAPIGWInvoke",
            "statement_id_prefix": ""
          },
          "sensitive_attributes": [],
          "identity_schema_version": 0,
          "private": "bnVsbA==",
          "dependencies": [
            "module.apigw.aws_apigatewayv2_api.api",
            "module.iam.aws_iam_role.lambda_role",
            "module.lambda.aws_lambda_function.demo",
            "module.lambda_layer.aws_lambda_layer_version.python_deps",
            "module.opensearch.aws_opensearch_domain.recipes",
            "module.opensearch.data.aws_caller_identity.current",
            "module.opensearch.data.aws_region.current",
            "module.s3.aws_s3_bucket.recipes"
          ]
        }
      ]
    },
    {
      "module": "module.apigw",
      "mode": "managed",
      "type": "aws_lambda_permission",
      "name": "search_permission",
      "provider": "provider[\"registry.terraform.io/hashicorp/aws\"]",
      "instances": [
        {
          "schema_version": 0,
          "attributes": {
            "action": "lambda:InvokeFunction",
            "event_source_token": null,
            "function_name": "what-to-eat-cloud-recipe-search",
            "function_url_auth_type": null,
            "id": "AllowAPIGWInvokeSearch",
            "principal": "apigateway.amazonaws.com",
            "principal_org_id": null,
            "qualifier": "",
            "source_account": null,
            "source_arn": "arn:aws:execute-api:us-east-1:143320676328:vfavzkkp5m/*/*",
            "statement_id": "AllowAPIGWInvokeSearch",
            "statement_id_prefix": ""
          },
          "sensitive_attributes": [],
          "identity_schema_version": 0,
          "private": "bnVsbA==",
          "dependencies": [
            "module.apigw.aws_apigatewayv2_api.api",
            "module.iam.aws_iam_role.lambda_role",
            "module.lambda.aws_lambda_function.recipe_search",
            "module.lambda_layer.aws_lambda_layer_version.python_deps",
            "module.opensearch.aws_opensearch_domain.recipes",
            "module.opensearch.data.aws_caller_identity.current",
            "module.opensearch.data.aws_region.current",
            "module.s3.aws_s3_bucket.recipes"
          ]
        }
      ]
    },
    {
      "module": "module.apigw",
      "mode": "managed",
      "type": "aws_lambda_permission",
      "name": "uploader_permission",
      "provider": "provider[\"registry.terraform.io/hashicorp/aws\"]",
      "instances": [
        {
          "schema_version": 0,
          "attributes": {
            "action": "lambda:InvokeFunction",
            "event_source_token": null,
            "function_name": "what-to-eat-cloud-uploader",
            "function_url_auth_type": null,
            "id": "AllowAPIGWInvokeUploader",
            "principal": "apigateway.amazonaws.com",
            "principal_org_id": null,
            "qualifier": "",
            "source_account": null,
            "source_arn": "arn:aws:execute-api:us-east-1:143320676328:vfavzkkp5m/*/*",
            "statement_id": "AllowAPIGWInvokeUploader",
            "statement_id_prefix": ""
          },
          "sensitive_attributes": [],
          "identity_schema_version": 0,
          "private": "bnVsbA==",
          "dependencies": [
            "module.apigw.aws_apigatewayv2_api.api",
            "module.iam.aws_iam_role.lambda_role",
            "module.lambda.aws_lambda_function.uploader",
            "module.s3.aws_s3_bucket.recipes"
          ]
        }
      ]
    },
    {
      "module": "module.iam",
      "mode": "managed",
      "type": "aws_iam_role",
      "name": "lambda_role",
      "provider": "provider[\"registry.terraform.io/hashicorp/aws\"]",
      "instances": [
        {
          "schema_version": 0,
          "attributes": {
            "arn": "arn:aws:iam::143320676328:role/what-to-eat-cloud-lambda-role",
            "assume_role_policy": "{\"Statement\":[{\"Action\":\"sts:AssumeRole\",\"Effect\":\"Allow\",\"Principal\":{\"Service\":\"lambda.amazonaws.com\"}}],\"Version\":\"2012-10-17\"}",
            "create_date": "2025-11-30T20:39:48Z",
            "description": "",
            "force_detach_policies": false,
            "id": "what-to-eat-cloud-lambda-role",
            "inline_policy": [
              {
                "name": "what-to-eat-cloud-lambda-policy",
                "policy": "{\"Version\":\"2012-10-17\",\"Statement\":[{\"Action\":[\"logs:CreateLogGroup\",\"logs:CreateLogStream\",\"logs:PutLogEvents\"],\"Effect\":\"Allow\",\"Resource\":\"*\"},{\"Action\":[\"s3:GetObject\",\"s3:PutObject\",\"s3:DeleteObject\",\"s3:ListBucket\"],\"Effect\":\"Allow\",\"Resource\":[\"arn:aws:s3:::what-to-eat-cloud-recipes\",\"arn:aws:s3:::what-to-eat-cloud-recipes/*\"]},{\"Action\":[\"lambda:InvokeFunction\"],\"Effect\":\"Allow\",\"Resource\":\"arn:aws:lambda:us-east-1:143320676328:function:what-to-eat-cloud-vision-processor\"},{\"Action\":[\"es:ESHttpPut\",\"es:ESHttpPost\",\"es:ESHttpGet\",\"es:ESHttpDelete\"],\"Effect\":\"Allow\",\"Resource\":\"*\"},{\"Action\":[\"bedrock:InvokeModel\"],\"Effect\":\"Allow\",\"Resource\":[\"arn:aws:bedrock:*::foundation-model/amazon.titan-embed-text-v2:0\",\"arn:aws:bedrock:*::foundation-model/anthropic.claude-3-5-sonnet-20241022-v2:0\"]}]}"
              }
            ],
            "managed_policy_arns": [],
            "max_session_duration": 3600,
            "name": "what-to-eat-cloud-lambda-role",
            "name_prefix": "",
            "path": "/",
            "permissions_boundary": "",
            "tags": {},
            "tags_all": {},
            "unique_id": "AROASCXUT67UBSIFAQOC6"
          },
          "sensitive_attributes": [],
          "identity_schema_version": 0,
          "private": "bnVsbA=="
        }
      ]
    },
    {
      "module": "module.iam",
      "mode": "managed",
      "type": "aws_iam_role_policy",
      "name": "lambda_policy",
      "provider": "provider[\"registry.terraform.io/hashicorp/aws\"]",
      "instances": [
        {
          "schema_version": 0,
          "attributes": {
            "id": "what-to-eat-cloud-lambda-role:what-to-eat-cloud-lambda-policy",
            "name": "what-to-eat-cloud-lambda-policy",
            "name_prefix": "",
            "policy": "{\"Version\":\"2012-10-17\",\"Statement\":[{\"Action\":[\"logs:CreateLogGroup\",\"logs:CreateLogStream\",\"logs:PutLogEvents\"],\"Effect\":\"Allow\",\"Resource\":\"*\"},{\"Action\":[\"s3:GetObject\",\"s3:PutObject\",\"s3:DeleteObject\",\"s3:ListBucket\"],\"Effect\":\"Allow\",\"Resource\":[\"arn:aws:s3:::what-to-eat-cloud-recipes\",\"arn:aws:s3:::what-to-eat-cloud-recipes/*\"]},{\"Action\":[\"lambda:InvokeFunction\"],\"Effect\":\"Allow\",\"Resource\":\"arn:aws:lambda:us-east-1:143320676328:function:what-to-eat-cloud-vision-processor\"},{\"Action\":[\"es:ESHttpPut\",\"es:ESHttpPost\",\"es:ESHttpGet\",\"es:ESHttpDelete\"],\"Effect\":\"Allow\",\"Resource\":\"*\"},{\"Action\":[\"bedrock:InvokeModel\"],\"Effect\":\"Allow\",\"Resource\":[\"arn:aws:bedrock:*::foundation-model/amazon.titan-embed-text-v2:0\",\"arn:aws:bedrock:*::foundation-model/anthropic.claude-3-5-sonnet-20241022-v2:0\"]}]}",
            "role": "what-to-eat-cloud-lambda-role"
          },
          "sensitive_attributes": [],
          "identity_schema_version": 0,
          "private": "bnVsbA==",
          "dependencies": [
            "module.iam.aws_iam_role.lambda_role",
            "module.lambda.aws_lambda_function.vision_processor",
            "module.lambda_layer.aws_lambda_layer_version.python_deps",
            "module.opensearch.aws_opensearch_domain.recipes",
            "module.opensearch.data.aws_caller_identity.current",
            "module.opensearch.data.aws_region.current",
            "module.s3.aws_s3_bucket.recipes"
          ]
        }
      ]
    },
    {
      "module": "module.lambda",
      "mode": "data",
      "type": "aws_region",
      "name": "current",
      "provider": "provider[\"registry.terraform.io/hashicorp/aws\"]",
      "instances": [
        {
          "schema_version": 0,
          "attributes": {
            "description": "US East (N. Virginia)",
            "endpoint": "ec2.us-east-1.amazonaws.com",
            "id": "us-east-1",
            "name": "us-east-1"
          },
          "sensitive_attributes": [],
          "identity_schema_version": 0
        }
      ]
    },
    {
      "module": "module.lambda",
      "mode": "managed",
      "type": "aws_lambda_function",
      "name": "demo",
      "provider": "provider[\"registry.terraform.io/hashicorp/aws\"]",
      "instances": [
        {
          "schema_version": 0,
          "attributes": {
            "architectures": [
              "x86_64"
            ],
            "arn": "arn:aws:lambda:us-east-1:143320676328:function:what-to-eat-cloud-lambda",
            "code_sha256": "MBEzbLmsOTq3lhEbFWxbxSe6rs3HJyw3EcpDdPLONY8=",
            "code_signing_config_arn": "",
            "dead_letter_config": [],
            "description": "",
            "environment": [
              {
                "variables": {
                  "OPENAI_API_KEY": "REDACTED",
                  "OPENSEARCH_ENDPOINT": "search-what-to-eat-cloud-recipes-bspeiuftiomrmex3eq3ok73af4.us-east-1.es.amazonaws.com",
                  "S3_BUCKET_NAME": "what-to-eat-cloud-recipes"
                }
              }
            ],
            "ephemeral_storage": [
              {
                "size": 512
              }
            ],
            "file_system_config": [],
            "filename": "modules/lambda/chat.zip",
            "function_name": "what-to-eat-cloud-lambda",
            "handler": "app.handler",
            "id": "what-to-eat-cloud-lambda",
            "image_config": [],
            "image_uri": "",
            "invoke_arn": "arn:aws:apigateway:us-east-1:lambda:path/2015-03-31/functions/arn:aws:lambda:us-east-1:143320676328:function:what-to-eat-cloud-lambda/invocations",
            "kms_key_arn": "",
            "last_modified": "2025-12-08T15:44:43.000+0000",
            "layers": [
              "arn:aws:lambda:us-east-1:143320676328:layer:what-to-eat-cloud-python-deps:2"
            ],
            "logging_config": [
              {
                "application_log_level": "",
                "log_format": "Text",
                "log_group": "/aws/lambda/what-to-eat-cloud-lambda",
                "system_log_level": ""
              }
            ],
            "memory_size": 1024,
            "package_type": "Zip",
            "publish": false,
            "qualified_arn": "arn:aws:lambda:us-east-1:143320676328:function:what-to-eat-cloud-lambda:$LATEST",
            "qualified_invoke_arn": "arn:aws:apigateway:us-east-1:lambda:path/2015-03-31/functions/arn:aws:lambda:us-east-1:143320676328:function:what-to-eat-cloud-lambda:$LATEST/invocations",
            "replace_security_groups_on_destroy": null,
            "replacement_security_group_ids": null,
            "reserved_concurrent_executions": -1,
            "role": "arn:aws:iam::143320676328:role/what-to-eat-cloud-lambda-role",
            "runtime": "python3.12",
            "s3_bucket": null,
            "s3_key": null,
            "s3_object_version": null,
            "signing_job_arn": "",
            "signing_profile_version_arn": "",
            "skip_destroy": false,
            "snap_start": [],
            "source_code_hash": "MBEzbLmsOTq3lhEbFWxbxSe6rs3HJyw3EcpDdPLONY8=",
            "source_code_size": 3741,
            "tags": {},
            "tags_all": {},
            "timeout": 60,
            "timeouts": null,
            "tracing_config": [
              {
                "mode": "PassThrough"
              }
            ],
            "version": "$LATEST",
            "vpc_config": []
          },
          "sensitive_attributes": [],
          "identity_schema_version": 0,
          "private": "eyJlMmJmYjczMC1lY2FhLTExZTYtOGY4OC0zNDM2M2JjN2M0YzAiOnsiY3JlYXRlIjo2MDAwMDAwMDAwMDAsImRlbGV0ZSI6NjAwMDAwMDAwMDAwLCJ1cGRhdGUiOjYwMDAwMDAwMDAwMH19",
          "dependencies": [
            "module.iam.aws_iam_role.lambda_role",
            "module.lambda_layer.aws_lambda_layer_version.python_deps",
            "module.opensearch.aws_opensearch_domain.recipes",
            "module.opensearch.data.aws_caller_identity.current",
            "module.opensearch.data.aws_region.current",
            "module.s3.aws_s3_bucket.recipes"
          ]
        }
      ]
    },
    {
      "module": "module.lambda",
      "mode": "managed",
      "type": "aws_lambda_function",
      "name": "recipe_search",
      "provider": "provider[\"registry.terraform.io/hashicorp/aws\"]",
      "instances": [
        {
          "schema_version": 0,
          "attributes": {
            "architectures": [
              "x86_64"
            ],
            "arn": "arn:aws:lambda:us-east-1:143320676328:function:what-to-eat-cloud-recipe-search",
            "code_sha256": "FMf8XDzX51+dbNbwA5OxQU7dunpzuj49bY9L0/xD2uw=",
            "code_signing_config_arn": "",
            "dead_letter_config": [],
            "description": "",
            "environment": [
              {
                "variables": {
                  "OPENSEARCH_ENDPOINT": "search-what-to-eat-cloud-recipes-bspeiuftiomrmex3eq3ok73af4.us-east-1.es.amazonaws.com",
                  "S3_BUCKET_NAME": "what-to-eat-cloud-recipes"
                }
              }
            ],
            "ephemeral_storage": [
              {
                "size": 512
              }
            ],
            "file_system_config": [],
            "filename": "modules/lambda/recipe-search.zip",
            "function_name": "what-to-eat-cloud-recipe-search",
            "handler": "app.handler",
            "id": "what-to-eat-cloud-recipe-search",
            "image_config": [],
            "image_uri": "",
            "invoke_arn": "arn:aws:apigateway:us-east-1:lambda:path/2015-03-31/functions/arn:aws:lambda:us-east-1:143320676328:function:what-to-eat-cloud-recipe-search/invocations",
            "kms_key_arn": "",
            "last_modified": "2025-12-07T22:25:29.042+0000",
            "layers": [
              "arn:aws:lambda:us-east-1:143320676328:layer:what-to-eat-cloud-python-deps:2"
            ],
            "logging_config": [
              {
                "application_log_level": "",
                "log_format": "Text",
                "log_group": "/aws/lambda/what-to-eat-cloud-recipe-search",
                "system_log_level": ""
              }
            ],
            "memory_size": 512,
            "package_type": "Zip",
            "publish": false,
            "qualified_arn": "arn:aws:lambda:us-east-1:143320676328:function:what-to-eat-cloud-recipe-search:$LATEST",
            "qualified_invoke_arn": "arn:aws:apigateway:us-east-1:lambda:path/2015-03-31/functions/arn:aws:lambda:us-east-1:143320676328:function:what-to-eat-cloud-recipe-search:$LATEST/invocations",
            "replace_security_groups_on_destroy": null,
            "replacement_security_group_ids": null,
            "reserved_concurrent_executions": -1,
            "role": "arn:aws:iam::143320676328:role/what-to-eat-cloud-lambda-role",
            "runtime": "python3.12",
            "s3_bucket": null,
            "s3_key": null,
            "s3_object_version": null,
            "signing_job_arn": "",
            "signing_profile_version_arn": "",
            "skip_destroy": false,
            "snap_start": [],
            "source_code_hash": "FMf8XDzX51+dbNbwA5OxQU7dunpzuj49bY9L0/xD2uw=",
            "source_code_size": 2937,
            "tags": {},
            "tags_all": {},
            "timeout": 30,
            "timeouts": null,
            "tracing_config": [
              {
                "mode": "PassThrough"
              }
            ],
            "version": "$LATEST",
            "vpc_config": []
          },
          "sensitive_attributes": [],
          "identity_schema_version": 0,
          "private": "eyJlMmJmYjczMC1lY2FhLTExZTYtOGY4OC0zNDM2M2JjN2M0YzAiOnsiY3JlYXRlIjo2MDAwMDAwMDAwMDAsImRlbGV0ZSI6NjAwMDAwMDAwMDAwLCJ1cGRhdGUiOjYwMDAwMDAwMDAwMH19",
          "dependencies": [
            "module.iam.aws_iam_role.lambda_role",
            "module.lambda_layer.aws_lambda_layer_version.python_deps",
            "module.opensearch.aws_opensearch_domain.recipes",
            "module.opensearch.data.aws_caller_identity.current",
            "module.opensearch.data.aws_region.current",
            "module.s3.aws_s3_bucket.recipes"
          ]
        }
      ]
    },
    {
      "module": "module.lambda",
      "mode": "managed",
      "type": "aws_lambda_function",
      "name": "uploader",
      "provider": "provider[\"registry.terraform.io/hashicorp/aws\"]",
      "instances": [
        {
          "schema_version": 0,
          "attributes": {
            "architectures": [
              "x86_64"
            ],
            "arn": "arn:aws:lambda:us-east-1:143320676328:function:what-to-eat-cloud-uploader",
            "code_sha256": "PeVfNHMqW7c0ujwmqB6MgjPlKdmZZliw5NwFuO3n77Y=",
            "code_signing_config_arn": "",
            "dead_letter_config": [],
            "description": "",
            "environment": [
              {
                "variables": {
                  "S3_BUCKET_NAME": "what-to-eat-cloud-recipes"
                }
              }
            ],
            "ephemeral_storage": [
              {
                "size": 512
              }
            ],
            "file_system_config": [],
            "filename": "modules/lambda/uploader.zip",
            "function_name": "what-to-eat-cloud-uploader",
            "handler": "app.handler",
            "id": "what-to-eat-cloud-uploader",
            "image_config": [],
            "image_uri": "",
            "invoke_arn": "arn:aws:apigateway:us-east-1:lambda:path/2015-03-31/functions/arn:aws:lambda:us-east-1:143320676328:function:what-to-eat-cloud-uploader/invocations",
            "kms_key_arn": "",
            "last_modified": "2025-12-05T15:06:03.000+0000",
            "layers": [],
            "logging_config": [
              {
                "application_log_level": "",
                "log_format": "Text",
                "log_group": "/aws/lambda/what-to-eat-cloud-uploader",
                "system_log_level": ""
              }
            ],
            "memory_size": 512,
            "package_type": "Zip",
            "publish": false,
            "qualified_arn": "arn:aws:lambda:us-east-1:143320676328:function:what-to-eat-cloud-uploader:$LATEST",
            "qualified_invoke_arn": "arn:aws:apigateway:us-east-1:lambda:path/2015-03-31/functions/arn:aws:lambda:us-east-1:143320676328:function:what-to-eat-cloud-uploader:$LATEST/invocations",
            "replace_security_groups_on_destroy": null,
            "replacement_security_group_ids": null,
            "reserved_concurrent_executions": -1,
            "role": "arn:aws:iam::143320676328:role/what-to-eat-cloud-lambda-role",
            "runtime": "python3.12",
            "s3_bucket": null,
            "s3_key": null,
            "s3_object_version": null,
            "signing_job_arn": "",
            "signing_profile_version_arn": "",
            "skip_destroy": false,
            "snap_start": [],
            "source_code_hash": "PeVfNHMqW7c0ujwmqB6MgjPlKdmZZliw5NwFuO3n77Y=",
            "source_code_size": 2869,
            "tags": {},
            "tags_all": {},
            "timeout": 60,
            "timeouts": null,
            "tracing_config": [
              {
                "mode": "PassThrough"
              }
            ],
            "version": "$LATEST",
            "vpc_config": []
          },
          "sensitive_attributes": [],
          "identity_schema_version": 0,
          "private": "eyJlMmJmYjczMC1lY2FhLTExZTYtOGY4OC0zNDM2M2JjN2M0YzAiOnsiY3JlYXRlIjo2MDAwMDAwMDAwMDAsImRlbGV0ZSI6NjAwMDAwMDAwMDAwLCJ1cGRhdGUiOjYwMDAwMDAwMDAwMH19",
          "dependencies": [
            "module.iam.aws_iam_role.lambda_role",
            "module.s3.aws_s3_bucket.recipes"
          ]
        }
      ]
    },
    {
      "module": "module.lambda",
      "mode": "managed",
      "type": "aws_lambda_function",
      "name": "vision_processor",
      "provider": "provider[\"registry.terraform.io/hashicorp/aws\"]",
      "instances": [
        {
          "schema_version": 0,
          "attributes": {
            "architectures": [
              "x86_64"
            ],
            "arn": "arn:aws:lambda:us-east-1:143320676328:function:what-to-eat-cloud-vision-processor",
            "code_sha256": "5IBhOd8U1wwNMY/63B3KfqugSvtwnGFuFu176M2rwqw=",
            "code_signing_config_arn": "",
            "dead_letter_config": [],
            "description": "",
            "environment": [
              {
                "variables": {
                  "OPENAI_API_KEY": "REDACTED",
                  "OPENSEARCH_ENDPOINT": "search-what-to-eat-cloud-recipes-bspeiuftiomrmex3eq3ok73af4.us-east-1.es.amazonaws.com",
                  "S3_BUCKET_NAME": "what-to-eat-cloud-recipes"
                }
              }
            ],
            "ephemeral_storage": [
              {
                "size": 512
              }
            ],
            "file_system_config": [],
            "filename": "modules/lambda/vision-processor.zip",
            "function_name": "what-to-eat-cloud-vision-processor",
            "handler": "app.handler",
            "id": "what-to-eat-cloud-vision-processor",
            "image_config": [],
            "image_uri": "",
            "invoke_arn": "arn:aws:apigateway:us-east-1:lambda:path/2015-03-31/functions/arn:aws:lambda:us-east-1:143320676328:function:what-to-eat-cloud-vision-processor/invocations",
            "kms_key_arn": "",
            "last_modified": "2025-12-07T22:25:35.000+0000",
            "layers": [
              "arn:aws:lambda:us-east-1:143320676328:layer:what-to-eat-cloud-python-deps:2"
            ],
            "logging_config": [
              {
                "application_log_level": "",
                "log_format": "Text",
                "log_group": "/aws/lambda/what-to-eat-cloud-vision-processor",
                "system_log_level": ""
              }
            ],
            "memory_size": 2048,
            "package_type": "Zip",
            "publish": false,
            "qualified_arn": "arn:aws:lambda:us-east-1:143320676328:function:what-to-eat-cloud-vision-processor:$LATEST",
            "qualified_invoke_arn": "arn:aws:apigateway:us-east-1:lambda:path/2015-03-31/functions/arn:aws:lambda:us-east-1:143320676328:function:what-to-eat-cloud-vision-processor:$LATEST/invocations",
            "replace_security_groups_on_destroy": null,
            "replacement_security_group_ids": null,
            "reserved_concurrent_executions": -1,
            "role": "arn:aws:iam::143320676328:role/what-to-eat-cloud-lambda-role",
            "runtime": "python3.12",
            "s3_bucket": null,
            "s3_key": null,
            "s3_object_version": null,
            "signing_job_arn": "",
            "signing_profile_version_arn": "",
            "skip_destroy": false,
            "snap_start": [],
            "source_code_hash": "5IBhOd8U1wwNMY/63B3KfqugSvtwnGFuFu176M2rwqw=",
            "source_code_size": 7759,
            "tags": {},
            "tags_all": {},
            "timeout": 120,
            "timeouts": null,
            "tracing_config": [
              {
                "mode": "PassThrough"
              }
            ],
            "version": "$LATEST",
            "vpc_config": []
          },
          "sensitive_attributes": [],
          "identity_schema_version": 0,
          "private": "eyJlMmJmYjczMC1lY2FhLTExZTYtOGY4OC0zNDM2M2JjN2M0YzAiOnsiY3JlYXRlIjo2MDAwMDAwMDAwMDAsImRlbGV0ZSI6NjAwMDAwMDAwMDAwLCJ1cGRhdGUiOjYwMDAwMDAwMDAwMH19",
          "dependencies": [
            "module.iam.aws_iam_role.lambda_role",
            "module.lambda_layer.aws_lambda_layer_version.python_deps",
            "module.opensearch.aws_opensearch_domain.recipes",
            "module.opensearch.data.aws_caller_identity.current",
            "module.opensearch.data.aws_region.current",
            "module.s3.aws_s3_bucket.recipes"
          ]
        }
      ]
    },
    {
      "module": "module.lambda_layer",
      "mode": "managed",
      "type": "aws_lambda_layer_version",
      "name": "python_deps",
      "provider": "provider[\"registry.terraform.io/hashicorp/aws\"]",
      "instances": [
        {
          "schema_version": 0,
          "attributes": {
            "arn": "arn:aws:lambda:us-east-1:143320676328:layer:what-to-eat-cloud-python-deps:2",
            "code_sha256": "x1qUUGUOcS0GSVBzGo/MeMmwuFgvMLmwODVJz8fPcf0=",
            "compatible_architectures": [],
            "compatible_runtimes": [
              "python3.12"
            ],
            "created_date": "2025-12-05T14:55:42.487+0000",
            "description": "Python dependencies layer (openai and dependencies)",
            "filename": "modules/lambda-layer/python-deps.zip",
            "id": "arn:aws:lambda:us-east-1:143320676328:layer:what-to-eat-cloud-python-deps:2",
            "layer_arn": "arn:aws:lambda:us-east-1:143320676328:layer:what-to-eat-cloud-python-deps",
            "layer_name": "what-to-eat-cloud-python-deps",
            "license_info": "",
            "s3_bucket": null,
            "s3_key": null,
            "s3_object_version": null,
            "signing_job_arn": "",
            "signing_profile_version_arn": "",
            "skip_destroy": false,
            "source_code_hash": "x1qUUGUOcS0GSVBzGo/MeMmwuFgvMLmwODVJz8fPcf0=",
            "source_code_size": 5661542,
            "version": "2"
          },
          "sensitive_attributes": [],
          "identity_schema_version": 0,
          "private": "bnVsbA=="
        }
      ]
    },
    {
      "module": "module.opensearch",
      "mode": "data",
      "type": "aws_caller_identity",
      "name": "current",
      "provider": "provider[\"registry.terraform.io/hashicorp/aws\"]",
      "instances": [
        {
          "schema_version": 0,
          "attributes": {
            "account_id": "143320676328",
            "arn": "arn:aws:iam::143320676328:user/Junfa_Li",
            "id": "143320676328",
            "user_id": "AIDASCXUT67ULUSJI2KMD"
          },
          "sensitive_attributes": [],
          "identity_schema_version": 0
        }
      ]
    },
    {
      "module": "module.opensearch",
      "mode": "data",
      "type": "aws_region",
      "name": "current",
      "provider": "provider[\"registry.terraform.io/hashicorp/aws\"]",
      "instances": [
        {
          "schema_version": 0,
          "attributes": {
            "description": "US East (N. Virginia)",
            "endpoint": "ec2.us-east-1.amazonaws.com",
            "id": "us-east-1",
            "name": "us-east-1"
          },
          "sensitive_attributes": [],
          "identity_schema_version": 0
        }
      ]
    },
    {
      "module": "module.opensearch",
      "mode": "managed",
      "type": "aws_opensearch_domain",
      "name": "recipes",
      "provider": "provider[\"registry.terraform.io/hashicorp/aws\"]",
      "instances": [
        {
          "schema_version": 0,
          "attributes": {
            "access_policies": "{\"Statement\":[{\"Action\":\"es:*\",\"Effect\":\"Allow\",\"Principal\":{\"AWS\":\"arn:aws:iam::143320676328:role/what-to-eat-cloud-lambda-role\"},\"Resource\":\"arn:aws:es:us-east-1:143320676328:domain/what-to-eat-cloud-recipes/*\"}],\"Version\":\"2012-10-17\"}",
            "advanced_options": {},
            "advanced_security_options": [
              {
                "anonymous_auth_enabled": false,
                "enabled": true,
                "internal_user_database_enabled": false,
                "master_user_options": [
                  {
                    "master_user_arn": "arn:aws:iam::143320676328:role/what-to-eat-cloud-lambda-role",
                    "master_user_name": "",
                    "master_user_password": ""
                  }
                ]
              }
            ],
            "arn": "arn:aws:es:us-east-1:143320676328:domain/what-to-eat-cloud-recipes",
            "auto_tune_options": [
              {
                "desired_state": "DISABLED",
                "maintenance_schedule": [],
                "rollback_on_disable": "NO_ROLLBACK",
                "use_off_peak_window": false
              }
            ],
            "cluster_config": [
              {
                "cold_storage_options": [
                  {
                    "enabled": false
                  }
                ],
                "dedicated_master_count": 0,
                "dedicated_master_enabled": false,
                "dedicated_master_type": "",
                "instance_count": 1,
                "instance_type": "t3.small.search",
                "multi_az_with_standby_enabled": false,
                "node_options": [],
                "warm_count": 0,
                "warm_enabled": false,
                "warm_type": "",
                "zone_awareness_config": [],
                "zone_awareness_enabled": false
              }
            ],
            "cognito_options": [
              {
                "enabled": false,
                "identity_pool_id": "",
                "role_arn": "",
                "user_pool_id": ""
              }
            ],
            "dashboard_endpoint": "search-what-to-eat-cloud-recipes-bspeiuftiomrmex3eq3ok73af4.us-east-1.es.amazonaws.com/_dashboards",
            "dashboard_endpoint_v2": null,
            "domain_endpoint_options": [
              {
                "custom_endpoint": "",
                "custom_endpoint_certificate_arn": "",
                "custom_endpoint_enabled": false,
                "enforce_https": true,
                "tls_security_policy": "Policy-Min-TLS-1-2-2019-07"
              }
            ],
            "domain_endpoint_v2_hosted_zone_id": "",
            "domain_id": "143320676328/what-to-eat-cloud-recipes",
            "domain_name": "what-to-eat-cloud-recipes",
            "ebs_options": [
              {
                "ebs_enabled": true,
                "iops": 3000,
                "throughput": 125,
                "volume_size": 10,
                "volume_type": "gp3"
              }
            ],
            "encrypt_at_rest": [
              {
                "enabled": true,
                "kms_key_id": "arn:aws:kms:us-east-1:143320676328:key/774e27f4-f1b3-459a-adbf-83358ea029fb"
              }
            ],
            "endpoint": "search-what-to-eat-cloud-recipes-bspeiuftiomrmex3eq3ok73af4.us-east-1.es.amazonaws.com",
            "endpoint_v2": null,
            "engine_version": "OpenSearch_2.11",
            "id": "arn:aws:es:us-east-1:143320676328:domain/what-to-eat-cloud-recipes",
            "ip_address_type": "ipv4",
            "kibana_endpoint": "search-what-to-eat-cloud-recipes-bspeiuftiomrmex3eq3ok73af4.us-east-1.es.amazonaws.com/_plugin/kibana/",
            "log_publishing_options": [],
            "node_to_node_encryption": [
              {
                "enabled": true
              }
            ],
            "off_peak_window_options": [
              {
                "enabled": true,
                "off_peak_window": [
                  {
                    "window_start_time": [
                      {
                        "hours": 3,
                        "minutes": 0
                      }
                    ]
                  }
                ]
              }
            ],
            "snapshot_options": [
              {
                "automated_snapshot_start_hour": 0
              }
            ],
            "software_update_options": [
              {
                "auto_software_update_enabled": false
              }
            ],
            "tags": {
              "Name": "what-to-eat-cloud-opensearch"
            },
            "tags_all": {
              "Name": "what-to-eat-cloud-opensearch"
            },
            "timeouts": null,
            "vpc_options": []
          },
          "sensitive_attributes": [
            [
              {
                "type": "get_attr",
                "value": "advanced_security_options"
              },
              {
                "type": "index",
                "value": {
                  "value": 0,
                  "type": "number"
                }
              },
              {
                "type": "get_attr",
                "value": "master_user_options"
              },
              {
                "type": "index",
                "value": {
                  "value": 0,
                  "type": "number"
                }
              },
              {
                "type": "get_attr",
                "value": "master_user_password"
              }
            ]
          ],
          "identity_schema_version": 0,
          "private": "eyJlMmJmYjczMC1lY2FhLTExZTYtOGY4OC0zNDM2M2JjN2M0YzAiOnsiY3JlYXRlIjo3MjAwMDAwMDAwMDAwLCJkZWxldGUiOjU0MDAwMDAwMDAwMDAsInVwZGF0ZSI6MTA4MDAwMDAwMDAwMDB9fQ==",
          "dependencies": [
            "module.iam.aws_iam_role.lambda_role",
            "module.opensearch.data.aws_caller_identity.current",
            "module.opensearch.data.aws_region.current"
          ]
        }
      ]
    },
    {
      "module": "module.s3",
      "mode": "managed",
      "type": "aws_lambda_permission",
      "name": "allow_s3_invoke_vision_processor",
      "provider": "provider[\"registry.terraform.io/hashicorp/aws\"]",
      "instances": [
        {
          "schema_version": 0,
          "attributes": {
            "action": "lambda:InvokeFunction",
            "event_source_token": null,
            "function_name": "arn:aws:lambda:us-east-1:143320676328:function:what-to-eat-cloud-vision-processor",
            "function_url_auth_type": null,
            "id": "AllowS3InvokeVisionProcessor",
            "principal": "s3.amazonaws.com",
            "principal_org_id": null,
            "qualifier": "",
            "source_account": null,
            "source_arn": "arn:aws:s3:::what-to-eat-cloud-recipes",
            "statement_id": "AllowS3InvokeVisionProcessor",
            "statement_id_prefix": ""
          },
          "sensitive_attributes": [],
          "identity_schema_version": 0,
          "private": "bnVsbA==",
          "dependencies": [
            "module.iam.aws_iam_role.lambda_role",
            "module.lambda.aws_lambda_function.vision_processor",
            "module.lambda_layer.aws_lambda_layer_version.python_deps",
            "module.opensearch.aws_opensearch_domain.recipes",
            "module.opensearch.data.aws_caller_identity.current",
            "module.opensearch.data.aws_region.current",
            "module.s3.aws_s3_bucket.recipes"
          ]
        }
      ]
    },
    {
      "module": "module.s3",
      "mode": "managed",
      "type": "aws_s3_bucket",
      "name": "recipes",
      "provider": "provider[\"registry.terraform.io/hashicorp/aws\"]",
      "instances": [
        {
          "schema_version": 0,
          "attributes": {
            "acceleration_status": "",
            "acl": null,
            "arn": "arn:aws:s3:::what-to-eat-cloud-recipes",
            "bucket": "what-to-eat-cloud-recipes",
            "bucket_domain_name": "what-to-eat-cloud-recipes.s3.amazonaws.com",
            "bucket_prefix": "",
            "bucket_regional_domain_name": "what-to-eat-cloud-recipes.s3.us-east-1.amazonaws.com",
            "cors_rule": [
              {
                "allowed_headers": [
                  "*"
                ],
                "allowed_methods": [
                  "POST",
                  "GET",
                  "HEAD",
                  "DELETE",
                  "PUT"
                ],
                "allowed_origins": [
                  "*"
                ],
                "expose_headers": [
                  "ETag"
                ],
                "max_age_seconds": 3000
              }
            ],
            "force_destroy": false,
            "grant": [
              {
                "id": "0412a12d454c6a7587de451f1e27c9dce8b9991d3c370e5b9b69ecf1eef7b4be",
                "permissions": [
                  "FULL_CONTROL"
                ],
                "type": "CanonicalUser",
                "uri": ""
              }
            ],
            "hosted_zone_id": "Z3AQBSTGFYJSTF",
            "id": "what-to-eat-cloud-recipes",
            "lifecycle_rule": [],
            "logging": [],
            "object_lock_configuration": [],
            "object_lock_enabled": false,
            "policy": "",
            "region": "us-east-1",
            "replication_configuration": [],
            "request_payer": "BucketOwner",
            "server_side_encryption_configuration": [
              {
                "rule": [
                  {
                    "apply_server_side_encryption_by_default": [
                      {
                        "kms_master_key_id": "",
                        "sse_algorithm": "AES256"
                      }
                    ],
                    "bucket_key_enabled": false
                  }
                ]
              }
            ],
            "tags": {},
            "tags_all": {},
            "timeouts": null,
            "versioning": [
              {
                "enabled": true,
                "mfa_delete": false
              }
            ],
            "website": [],
            "website_domain": null,
            "website_endpoint": null
          },
          "sensitive_attributes": [],
          "identity_schema_version": 0,
          "private": "eyJlMmJmYjczMC1lY2FhLTExZTYtOGY4OC0zNDM2M2JjN2M0YzAiOnsiY3JlYXRlIjoxMjAwMDAwMDAwMDAwLCJkZWxldGUiOjM2MDAwMDAwMDAwMDAsInJlYWQiOjEyMDAwMDAwMDAwMDAsInVwZGF0ZSI6MTIwMDAwMDAwMDAwMH19"
        }
      ]
    },
    {
      "module": "module.s3",
      "mode": "managed",
      "type": "aws_s3_bucket_cors_configuration",
      "name": "recipes_cors",
      "provider": "provider[\"registry.terraform.io/hashicorp/aws\"]",
      "instances": [
        {
          "schema_version": 0,
          "attributes": {
            "bucket": "what-to-eat-cloud-recipes",
            "cors_rule": [
              {
                "allowed_headers": [
                  "*"
                ],
                "allowed_methods": [
                  "DELETE",
                  "GET",
                  "HEAD",
                  "POST",
                  "PUT"
                ],
                "allowed_origins": [
                  "*"
                ],
                "expose_headers": [
                  "ETag"
                ],
                "id": "",
                "max_age_seconds": 3000
              }
            ],
            "expected_bucket_owner": "",
            "id": "what-to-eat-cloud-recipes"
          },
          "sensitive_attributes": [],
          "identity_schema_version": 0,
          "private": "bnVsbA==",
          "dependencies": [
            "module.s3.aws_s3_bucket.recipes"
          ]
        }
      ]
    },
    {
      "module": "module.s3",
      "mode": "managed",
      "type": "aws_s3_bucket_notification",
      "name": "bucket_notification",
      "provider": "provider[\"registry.terraform.io/hashicorp/aws\"]",
      "instances": [
        {
          "schema_version": 0,
          "attributes": {
            "bucket": "what-to-eat-cloud-recipes",
            "eventbridge": false,
            "id": "what-to-eat-cloud-recipes",
            "lambda_function": [
              {
                "events": [
                  "s3:ObjectCreated:*",
                  "s3:ObjectRemoved:*"
                ],
                "filter_prefix": "images/raw/",
                "filter_suffix": "",
                "id": "tf-s3-lambda-20251204144620537900000001",
                "lambda_function_arn": "arn:aws:lambda:us-east-1:143320676328:function:what-to-eat-cloud-vision-processor"
              }
            ],
            "queue": [],
            "topic": []
          },
          "sensitive_attributes": [],
          "identity_schema_version": 0,
          "private": "bnVsbA==",
          "dependencies": [
            "module.iam.aws_iam_role.lambda_role",
            "module.lambda.aws_lambda_function.vision_processor",
            "module.lambda_layer.aws_lambda_layer_version.python_deps",
            "module.opensearch.aws_opensearch_domain.recipes",
            "module.opensearch.data.aws_caller_identity.current",
            "module.opensearch.data.aws_region.current",
            "module.s3.aws_lambda_permission.allow_s3_invoke_vision_processor",
            "module.s3.aws_s3_bucket.recipes"
          ]
        }
      ]
    },
    {
      "module": "module.s3",
      "mode": "managed",
      "type": "aws_s3_bucket_versioning",
      "name": "versioning",
      "provider": "provider[\"registry.terraform.io/hashicorp/aws\"]",
      "instances": [
        {
          "schema_version": 0,
          "attributes": {
            "bucket": "what-to-eat-cloud-recipes",
            "expected_bucket_owner": "",
            "id": "what-to-eat-cloud-recipes",
            "mfa": null,
            "versioning_configuration": [
              {
                "mfa_delete": "",
                "status": "Enabled"
              }
            ]
          },
          "sensitive_attributes": [],
          "identity_schema_version": 0,
          "private": "bnVsbA==",
          "dependencies": [
            "module.s3.aws_s3_bucket.recipes"
          ]
        }
      ]
    }
  ],
  "check_results": null
}
